
Microsoft Visual Studio Solution File, Format Version 12.00
# Visual Studio 2013
VisualStudioVersion = 12.0.21005.1
MinimumVisualStudioVersion = 10.0.40219.1
Project("{2150E333-8FDC-42A3-9474-1A3956D46DE8}") = "Solution Items", "Solution Items", "{E1DB3EA2-9ACA-46A0-A23F-A348B8E4F6B0}"
EndProject
Project("{2150E333-8FDC-42A3-9474-1A3956D46DE8}") = "Documentation", "Documentation", "{516C18A0-3C0D-483C-8139-F73B19961F3D}"
	ProjectSection(SolutionItems) = preProject
		Documentation\BuildCop.sitemap = Documentation\BuildCop.sitemap
		Documentation\Configuration.html = Documentation\Configuration.html
		Documentation\Customization.html = Documentation\Customization.html
		Documentation\Documentation.html = Documentation\Documentation.html
		Documentation\Formatters.html = Documentation\Formatters.html
		Documentation\BuildCop.chm = Documentation\BuildCop.chm
		Documentation\BuildCop.shfb = Documentation\BuildCop.shfb
		Documentation\Rules.html = Documentation\Rules.html
		Documentation\StyleSheet.css = Documentation\StyleSheet.css
	EndProjectSection
EndProject
Project("{FAE04EC0-301F-11D3-BF4B-00C04F79EFBC}") = "BuildCop", "BuildCop\BuildCop.csproj", "{C0E91333-8782-4521-9867-41BFB3EE548B}"
EndProject
Project("{FAE04EC0-301F-11D3-BF4B-00C04F79EFBC}") = "BuildCop.Console", "BuildCop.Console\BuildCop.Console.csproj", "{C1BC1163-9379-4DD5-A22A-BE4DF1FF6AB3}"
EndProject
Project("{FAE04EC0-301F-11D3-BF4B-00C04F79EFBC}") = "BuildCop.Test", "BuildCop.Test\BuildCop.Test.csproj", "{0E3F6744-114A-474D-B062-9FE1DBE99189}"
EndProject
Project("{E09DD79A-4488-4AB9-8D3F-A7EEE78BF432}") = "DefaultNugetPackage", "DefaultNugetPackage\DefaultNugetPackage.nuproj", "{39C0943A-8562-4BDC-958F-C04A6C8FD165}"
EndProject
Project("{FAE04EC0-301F-11D3-BF4B-00C04F79EFBC}") = "BuildCop.MsBuildTask", "BuildCop.MsBuildTask\BuildCop.MsBuildTask.csproj", "{A4455E50-D7E9-499D-93E0-863F943EF8B0}"
EndProject
Global
	GlobalSection(SolutionConfigurationPlatforms) = preSolution
		Debug|Any CPU = Debug|Any CPU
		Default|Any CPU = Default|Any CPU
		Release|Any CPU = Release|Any CPU
	EndGlobalSection
	GlobalSection(ProjectConfigurationPlatforms) = postSolution
		{C0E91333-8782-4521-9867-41BFB3EE548B}.Debug|Any CPU.ActiveCfg = Debug|Any CPU
		{C0E91333-8782-4521-9867-41BFB3EE548B}.Debug|Any CPU.Build.0 = Debug|Any CPU
		{C0E91333-8782-4521-9867-41BFB3EE548B}.Default|Any CPU.ActiveCfg = Debug|Any CPU
		{C0E91333-8782-4521-9867-41BFB3EE548B}.Default|Any CPU.Build.0 = Debug|Any CPU
		{C0E91333-8782-4521-9867-41BFB3EE548B}.Release|Any CPU.ActiveCfg = Release|Any CPU
		{C0E91333-8782-4521-9867-41BFB3EE548B}.Release|Any CPU.Build.0 = Release|Any CPU
		{C1BC1163-9379-4DD5-A22A-BE4DF1FF6AB3}.Debug|Any CPU.ActiveCfg = Debug|Any CPU
		{C1BC1163-9379-4DD5-A22A-BE4DF1FF6AB3}.Debug|Any CPU.Build.0 = Debug|Any CPU
		{C1BC1163-9379-4DD5-A22A-BE4DF1FF6AB3}.Default|Any CPU.ActiveCfg = Debug|Any CPU
		{C1BC1163-9379-4DD5-A22A-BE4DF1FF6AB3}.Default|Any CPU.Build.0 = Debug|Any CPU
		{C1BC1163-9379-4DD5-A22A-BE4DF1FF6AB3}.Release|Any CPU.ActiveCfg = Release|Any CPU
		{C1BC1163-9379-4DD5-A22A-BE4DF1FF6AB3}.Release|Any CPU.Build.0 = Release|Any CPU
		{0E3F6744-114A-474D-B062-9FE1DBE99189}.Debug|Any CPU.ActiveCfg = Debug|Any CPU
		{0E3F6744-114A-474D-B062-9FE1DBE99189}.Debug|Any CPU.Build.0 = Debug|Any CPU
		{0E3F6744-114A-474D-B062-9FE1DBE99189}.Default|Any CPU.ActiveCfg = Debug|Any CPU
		{0E3F6744-114A-474D-B062-9FE1DBE99189}.Default|Any CPU.Build.0 = Debug|Any CPU
		{0E3F6744-114A-474D-B062-9FE1DBE99189}.Release|Any CPU.ActiveCfg = Release|Any CPU
		{0E3F6744-114A-474D-B062-9FE1DBE99189}.Release|Any CPU.Build.0 = Release|Any CPU
		{39C0943A-8562-4BDC-958F-C04A6C8FD165}.Debug|Any CPU.ActiveCfg = Debug|Any CPU
		{39C0943A-8562-4BDC-958F-C04A6C8FD165}.Debug|Any CPU.Build.0 = Debug|Any CPU
		{39C0943A-8562-4BDC-958F-C04A6C8FD165}.Default|Any CPU.ActiveCfg = Debug|Any CPU
		{39C0943A-8562-4BDC-958F-C04A6C8FD165}.Default|Any CPU.Build.0 = Debug|Any CPU
		{39C0943A-8562-4BDC-958F-C04A6C8FD165}.Release|Any CPU.ActiveCfg = Release|Any CPU
		{39C0943A-8562-4BDC-958F-C04A6C8FD165}.Release|Any CPU.Build.0 = Release|Any CPU
		{A4455E50-D7E9-499D-93E0-863F943EF8B0}.Debug|Any CPU.ActiveCfg = Debug|Any CPU
		{A4455E50-D7E9-499D-93E0-863F943EF8B0}.Debug|Any CPU.Build.0 = Debug|Any CPU
		{A4455E50-D7E9-499D-93E0-863F943EF8B0}.Default|Any CPU.ActiveCfg = Debug|Any CPU
		{A4455E50-D7E9-499D-93E0-863F943EF8B0}.Default|Any CPU.Build.0 = Debug|Any CPU
		{A4455E50-D7E9-499D-93E0-863F943EF8B0}.Release|Any CPU.ActiveCfg = Release|Any CPU
		{A4455E50-D7E9-499D-93E0-863F943EF8B0}.Release|Any CPU.Build.0 = Release|Any CPU
	EndGlobalSection
	GlobalSection(SolutionProperties) = preSolution
		HideSolutionNode = FALSE
	EndGlobalSection
	GlobalSection(TestCaseManagementSettings) = postSolution
		CategoryFile = BuildCop.vsmdi
	EndGlobalSection
EndGlobal
